
Microsoft Visual Studio Solution File, Format Version 12.00
# Visual Studio 15
VisualStudioVersion = 15.0.26228.9
MinimumVisualStudioVersion = 10.0.40219.1
Project("{FAE04EC0-301F-11D3-BF4B-00C04F79EFBC}") = "TestString", "TestString\TestString.csproj", "{C3F1F8F9-EBB9-46A8-94DB-F1644D23DEA5}"
EndProject
Project("{FAE04EC0-301F-11D3-BF4B-00C04F79EFBC}") = "UnauthorizedTest", "UnauthorizedTest\UnauthorizedTest.csproj", "{7DC487EC-0DF2-4459-81B4-0D247372113B}"
EndProject
Project("{FAE04EC0-301F-11D3-BF4B-00C04F79EFBC}") = "GeneralExtentionTest", "GeneralExtentionTest\GeneralExtentionTest.csproj", "{466BB0BA-8090-41D5-B54D-2420ED08B2D2}"
EndProject
Project("{FAE04EC0-301F-11D3-BF4B-00C04F79EFBC}") = "RegisterPage", "RegisterPage\RegisterPage.csproj", "{C9EBA701-0E12-4482-822C-597E604B87E8}"
EndProject
Project("{FAE04EC0-301F-11D3-BF4B-00C04F79EFBC}") = "AutoResister", "AutoResister\AutoResister.csproj", "{F3DF460E-B0F5-4DAA-B136-FD742FA0D5AC}"
EndProject
Project("{FAE04EC0-301F-11D3-BF4B-00C04F79EFBC}") = "SelectManyTest", "SelectManyTest\SelectManyTest.csproj", "{8BC2032E-5839-4F0E-881F-C0F3F281733F}"
EndProject
Project("{FAE04EC0-301F-11D3-BF4B-00C04F79EFBC}") = "FluentTest", "FluentTest\FluentTest.csproj", "{FABB3442-F56A-40CC-96B0-DBD590F74AB0}"
EndProject
Project("{FAE04EC0-301F-11D3-BF4B-00C04F79EFBC}") = "ExplicitInterfaceImplementation", "ExplicitInterfaceImplementation\ExplicitInterfaceImplementation.csproj", "{DC86104E-ADA4-495A-B80C-8D3AD857A6AF}"
EndProject
Project("{FAE04EC0-301F-11D3-BF4B-00C04F79EFBC}") = "FirstWordAddIn", "FirstWordAddIn\FirstWordAddIn.csproj", "{A46FE1B7-19E6-4CA7-A591-3ED0107D6738}"
EndProject
Project("{FAE04EC0-301F-11D3-BF4B-00C04F79EFBC}") = "AsyncProgramming", "AsyncProgramming\AsyncProgramming.csproj", "{8362FCBB-1618-4F17-BC36-59F68BD8D0C5}"
EndProject
Project("{FAE04EC0-301F-11D3-BF4B-00C04F79EFBC}") = "YieldReturn", "YieldReturn\YieldReturn.csproj", "{2FB59845-3EA9-4F0F-B282-3EE6BCDCD709}"
EndProject
Project("{2150E333-8FDC-42A3-9474-1A3956D46DE8}") = "RabbitMq", "RabbitMq", "{17DB8298-5552-4319-A9C5-BA6AD7D42B14}"
EndProject
Project("{FAE04EC0-301F-11D3-BF4B-00C04F79EFBC}") = "Send", "Send\Send.csproj", "{FA61F62C-0D9D-4AFC-8B5A-9050FB886CF8}"
EndProject
Project("{FAE04EC0-301F-11D3-BF4B-00C04F79EFBC}") = "Receive", "Receive\Receive.csproj", "{8A036785-9EBA-4AD1-B1CE-244D560A6D44}"
EndProject
Project("{FAE04EC0-301F-11D3-BF4B-00C04F79EFBC}") = "DateTimeTest", "DateTimeTest\DateTimeTest.csproj", "{45394429-640A-45C1-8627-9F8C6D752380}"
EndProject
Project("{FAE04EC0-301F-11D3-BF4B-00C04F79EFBC}") = "DLLTest", "DLLTest\DLLTest.csproj", "{7FC0ED1D-2F36-4C96-840F-205A799B5795}"
EndProject
Project("{FAE04EC0-301F-11D3-BF4B-00C04F79EFBC}") = "SqlBulkCopyDemo", "SqlBulkCopyDemo\SqlBulkCopyDemo.csproj", "{1F0F707D-1852-4E7A-A615-908F1A99A690}"
EndProject
Project("{FAE04EC0-301F-11D3-BF4B-00C04F79EFBC}") = "MvcApplication", "MvcApplication\MvcApplication.csproj", "{4F4EDC50-C8C3-47B4-BBA3-5B633CB7C2A6}"
EndProject
Project("{FAE04EC0-301F-11D3-BF4B-00C04F79EFBC}") = "Fibonacci", "fibonacci\Fibonacci.csproj", "{910351CB-DE2C-4FA7-9207-4C8BDAE79498}"
EndProject
Project("{FAE04EC0-301F-11D3-BF4B-00C04F79EFBC}") = "BackgroundWorker", "BackgroundWorker\BackgroundWorker.csproj", "{DD34B348-18E8-477A-9327-5BCBC106B2D4}"
EndProject
Project("{FAE04EC0-301F-11D3-BF4B-00C04F79EFBC}") = "TryCatchFinally", "TryCatchFinally\TryCatchFinally.csproj", "{60278910-227B-4459-8FB3-2AB2B0174A7A}"
EndProject
Project("{FAE04EC0-301F-11D3-BF4B-00C04F79EFBC}") = "TimerTest", "TimerTest\TimerTest.csproj", "{878B1A4C-325B-4EE8-94D4-C0597E982455}"
EndProject
Project("{2150E333-8FDC-42A3-9474-1A3956D46DE8}") = "MongoDemo", "MongoDemo", "{A2D23C02-0B88-4529-9827-ECAD65C31B07}"
EndProject
Project("{FAE04EC0-301F-11D3-BF4B-00C04F79EFBC}") = "MongoTest", "MongoTest\MongoTest.csproj", "{F5F3B14F-C9D4-438F-97AF-3B278ECBEDB0}"
EndProject
Project("{FAE04EC0-301F-11D3-BF4B-00C04F79EFBC}") = "Crypto", "Crypto\Crypto.csproj", "{74472D92-5850-4E06-89AD-6175C262B6C5}"
EndProject
Project("{2150E333-8FDC-42A3-9474-1A3956D46DE8}") = "Web Applications", "Web Applications", "{E4133659-D9E9-4A5E-8C60-C84A2F00E463}"
EndProject
Project("{FAE04EC0-301F-11D3-BF4B-00C04F79EFBC}") = "WIFTest", "WIFTest\WIFTest.csproj", "{195300D3-F84A-474B-BC5A-5DEB9FB08FF1}"
EndProject
Project("{FAE04EC0-301F-11D3-BF4B-00C04F79EFBC}") = "NullCheck", "NullCheck\NullCheck.csproj", "{D8172556-80B4-48D4-ABE8-D45D9DC52B45}"
EndProject
Project("{FAE04EC0-301F-11D3-BF4B-00C04F79EFBC}") = "GoogleTranslation", "GoogleTranslation\GoogleTranslation.csproj", "{79792B23-27B4-44FC-A7DC-A36AB96F2A6B}"
EndProject
Project("{FAE04EC0-301F-11D3-BF4B-00C04F79EFBC}") = "VSIXProject1", "VSIXProject1\VSIXProject1.csproj", "{7461347E-B587-4726-8F3F-F4920A63F158}"
EndProject
Global
	GlobalSection(SolutionConfigurationPlatforms) = preSolution
		Debug|Any CPU = Debug|Any CPU
		Release|Any CPU = Release|Any CPU
	EndGlobalSection
	GlobalSection(ProjectConfigurationPlatforms) = postSolution
		{C3F1F8F9-EBB9-46A8-94DB-F1644D23DEA5}.Debug|Any CPU.ActiveCfg = Debug|Any CPU
		{C3F1F8F9-EBB9-46A8-94DB-F1644D23DEA5}.Debug|Any CPU.Build.0 = Debug|Any CPU
		{C3F1F8F9-EBB9-46A8-94DB-F1644D23DEA5}.Release|Any CPU.ActiveCfg = Release|Any CPU
		{C3F1F8F9-EBB9-46A8-94DB-F1644D23DEA5}.Release|Any CPU.Build.0 = Release|Any CPU
		{7DC487EC-0DF2-4459-81B4-0D247372113B}.Debug|Any CPU.ActiveCfg = Debug|Any CPU
		{7DC487EC-0DF2-4459-81B4-0D247372113B}.Debug|Any CPU.Build.0 = Debug|Any CPU
		{7DC487EC-0DF2-4459-81B4-0D247372113B}.Release|Any CPU.ActiveCfg = Release|Any CPU
		{7DC487EC-0DF2-4459-81B4-0D247372113B}.Release|Any CPU.Build.0 = Release|Any CPU
		{466BB0BA-8090-41D5-B54D-2420ED08B2D2}.Debug|Any CPU.ActiveCfg = Debug|Any CPU
		{466BB0BA-8090-41D5-B54D-2420ED08B2D2}.Debug|Any CPU.Build.0 = Debug|Any CPU
		{466BB0BA-8090-41D5-B54D-2420ED08B2D2}.Release|Any CPU.ActiveCfg = Release|Any CPU
		{466BB0BA-8090-41D5-B54D-2420ED08B2D2}.Release|Any CPU.Build.0 = Release|Any CPU
		{C9EBA701-0E12-4482-822C-597E604B87E8}.Debug|Any CPU.ActiveCfg = Debug|Any CPU
		{C9EBA701-0E12-4482-822C-597E604B87E8}.Debug|Any CPU.Build.0 = Debug|Any CPU
		{C9EBA701-0E12-4482-822C-597E604B87E8}.Release|Any CPU.ActiveCfg = Release|Any CPU
		{C9EBA701-0E12-4482-822C-597E604B87E8}.Release|Any CPU.Build.0 = Release|Any CPU
		{F3DF460E-B0F5-4DAA-B136-FD742FA0D5AC}.Debug|Any CPU.ActiveCfg = Debug|Any CPU
		{F3DF460E-B0F5-4DAA-B136-FD742FA0D5AC}.Debug|Any CPU.Build.0 = Debug|Any CPU
		{F3DF460E-B0F5-4DAA-B136-FD742FA0D5AC}.Release|Any CPU.ActiveCfg = Release|Any CPU
		{F3DF460E-B0F5-4DAA-B136-FD742FA0D5AC}.Release|Any CPU.Build.0 = Release|Any CPU
		{8BC2032E-5839-4F0E-881F-C0F3F281733F}.Debug|Any CPU.ActiveCfg = Debug|Any CPU
		{8BC2032E-5839-4F0E-881F-C0F3F281733F}.Debug|Any CPU.Build.0 = Debug|Any CPU
		{8BC2032E-5839-4F0E-881F-C0F3F281733F}.Release|Any CPU.ActiveCfg = Release|Any CPU
		{8BC2032E-5839-4F0E-881F-C0F3F281733F}.Release|Any CPU.Build.0 = Release|Any CPU
		{FABB3442-F56A-40CC-96B0-DBD590F74AB0}.Debug|Any CPU.ActiveCfg = Debug|Any CPU
		{FABB3442-F56A-40CC-96B0-DBD590F74AB0}.Debug|Any CPU.Build.0 = Debug|Any CPU
		{FABB3442-F56A-40CC-96B0-DBD590F74AB0}.Release|Any CPU.ActiveCfg = Release|Any CPU
		{FABB3442-F56A-40CC-96B0-DBD590F74AB0}.Release|Any CPU.Build.0 = Release|Any CPU
		{DC86104E-ADA4-495A-B80C-8D3AD857A6AF}.Debug|Any CPU.ActiveCfg = Debug|Any CPU
		{DC86104E-ADA4-495A-B80C-8D3AD857A6AF}.Debug|Any CPU.Build.0 = Debug|Any CPU
		{DC86104E-ADA4-495A-B80C-8D3AD857A6AF}.Release|Any CPU.ActiveCfg = Release|Any CPU
		{DC86104E-ADA4-495A-B80C-8D3AD857A6AF}.Release|Any CPU.Build.0 = Release|Any CPU
		{A46FE1B7-19E6-4CA7-A591-3ED0107D6738}.Debug|Any CPU.ActiveCfg = Debug|Any CPU
		{A46FE1B7-19E6-4CA7-A591-3ED0107D6738}.Debug|Any CPU.Build.0 = Debug|Any CPU
		{A46FE1B7-19E6-4CA7-A591-3ED0107D6738}.Release|Any CPU.ActiveCfg = Release|Any CPU
		{A46FE1B7-19E6-4CA7-A591-3ED0107D6738}.Release|Any CPU.Build.0 = Release|Any CPU
		{8362FCBB-1618-4F17-BC36-59F68BD8D0C5}.Debug|Any CPU.ActiveCfg = Debug|Any CPU
		{8362FCBB-1618-4F17-BC36-59F68BD8D0C5}.Debug|Any CPU.Build.0 = Debug|Any CPU
		{8362FCBB-1618-4F17-BC36-59F68BD8D0C5}.Release|Any CPU.ActiveCfg = Release|Any CPU
		{8362FCBB-1618-4F17-BC36-59F68BD8D0C5}.Release|Any CPU.Build.0 = Release|Any CPU
		{2FB59845-3EA9-4F0F-B282-3EE6BCDCD709}.Debug|Any CPU.ActiveCfg = Debug|Any CPU
		{2FB59845-3EA9-4F0F-B282-3EE6BCDCD709}.Debug|Any CPU.Build.0 = Debug|Any CPU
		{2FB59845-3EA9-4F0F-B282-3EE6BCDCD709}.Release|Any CPU.ActiveCfg = Release|Any CPU
		{2FB59845-3EA9-4F0F-B282-3EE6BCDCD709}.Release|Any CPU.Build.0 = Release|Any CPU
		{FA61F62C-0D9D-4AFC-8B5A-9050FB886CF8}.Debug|Any CPU.ActiveCfg = Debug|Any CPU
		{FA61F62C-0D9D-4AFC-8B5A-9050FB886CF8}.Debug|Any CPU.Build.0 = Debug|Any CPU
		{FA61F62C-0D9D-4AFC-8B5A-9050FB886CF8}.Release|Any CPU.ActiveCfg = Release|Any CPU
		{FA61F62C-0D9D-4AFC-8B5A-9050FB886CF8}.Release|Any CPU.Build.0 = Release|Any CPU
		{8A036785-9EBA-4AD1-B1CE-244D560A6D44}.Debug|Any CPU.ActiveCfg = Debug|Any CPU
		{8A036785-9EBA-4AD1-B1CE-244D560A6D44}.Debug|Any CPU.Build.0 = Debug|Any CPU
		{8A036785-9EBA-4AD1-B1CE-244D560A6D44}.Release|Any CPU.ActiveCfg = Release|Any CPU
		{8A036785-9EBA-4AD1-B1CE-244D560A6D44}.Release|Any CPU.Build.0 = Release|Any CPU
		{45394429-640A-45C1-8627-9F8C6D752380}.Debug|Any CPU.ActiveCfg = Debug|Any CPU
		{45394429-640A-45C1-8627-9F8C6D752380}.Debug|Any CPU.Build.0 = Debug|Any CPU
		{45394429-640A-45C1-8627-9F8C6D752380}.Release|Any CPU.ActiveCfg = Release|Any CPU
		{45394429-640A-45C1-8627-9F8C6D752380}.Release|Any CPU.Build.0 = Release|Any CPU
		{7FC0ED1D-2F36-4C96-840F-205A799B5795}.Debug|Any CPU.ActiveCfg = Debug|Any CPU
		{7FC0ED1D-2F36-4C96-840F-205A799B5795}.Debug|Any CPU.Build.0 = Debug|Any CPU
		{7FC0ED1D-2F36-4C96-840F-205A799B5795}.Release|Any CPU.ActiveCfg = Release|Any CPU
		{7FC0ED1D-2F36-4C96-840F-205A799B5795}.Release|Any CPU.Build.0 = Release|Any CPU
		{1F0F707D-1852-4E7A-A615-908F1A99A690}.Debug|Any CPU.ActiveCfg = Debug|Any CPU
		{1F0F707D-1852-4E7A-A615-908F1A99A690}.Debug|Any CPU.Build.0 = Debug|Any CPU
		{1F0F707D-1852-4E7A-A615-908F1A99A690}.Release|Any CPU.ActiveCfg = Release|Any CPU
		{1F0F707D-1852-4E7A-A615-908F1A99A690}.Release|Any CPU.Build.0 = Release|Any CPU
		{4F4EDC50-C8C3-47B4-BBA3-5B633CB7C2A6}.Debug|Any CPU.ActiveCfg = Debug|Any CPU
		{4F4EDC50-C8C3-47B4-BBA3-5B633CB7C2A6}.Debug|Any CPU.Build.0 = Debug|Any CPU
		{4F4EDC50-C8C3-47B4-BBA3-5B633CB7C2A6}.Release|Any CPU.ActiveCfg = Release|Any CPU
		{4F4EDC50-C8C3-47B4-BBA3-5B633CB7C2A6}.Release|Any CPU.Build.0 = Release|Any CPU
		{910351CB-DE2C-4FA7-9207-4C8BDAE79498}.Debug|Any CPU.ActiveCfg = Debug|Any CPU
		{910351CB-DE2C-4FA7-9207-4C8BDAE79498}.Debug|Any CPU.Build.0 = Debug|Any CPU
		{910351CB-DE2C-4FA7-9207-4C8BDAE79498}.Release|Any CPU.ActiveCfg = Release|Any CPU
		{910351CB-DE2C-4FA7-9207-4C8BDAE79498}.Release|Any CPU.Build.0 = Release|Any CPU
		{DD34B348-18E8-477A-9327-5BCBC106B2D4}.Debug|Any CPU.ActiveCfg = Debug|Any CPU
		{DD34B348-18E8-477A-9327-5BCBC106B2D4}.Debug|Any CPU.Build.0 = Debug|Any CPU
		{DD34B348-18E8-477A-9327-5BCBC106B2D4}.Release|Any CPU.ActiveCfg = Release|Any CPU
		{DD34B348-18E8-477A-9327-5BCBC106B2D4}.Release|Any CPU.Build.0 = Release|Any CPU
		{60278910-227B-4459-8FB3-2AB2B0174A7A}.Debug|Any CPU.ActiveCfg = Debug|Any CPU
		{60278910-227B-4459-8FB3-2AB2B0174A7A}.Debug|Any CPU.Build.0 = Debug|Any CPU
		{60278910-227B-4459-8FB3-2AB2B0174A7A}.Release|Any CPU.ActiveCfg = Release|Any CPU
		{60278910-227B-4459-8FB3-2AB2B0174A7A}.Release|Any CPU.Build.0 = Release|Any CPU
		{878B1A4C-325B-4EE8-94D4-C0597E982455}.Debug|Any CPU.ActiveCfg = Debug|Any CPU
		{878B1A4C-325B-4EE8-94D4-C0597E982455}.Debug|Any CPU.Build.0 = Debug|Any CPU
		{878B1A4C-325B-4EE8-94D4-C0597E982455}.Release|Any CPU.ActiveCfg = Release|Any CPU
		{878B1A4C-325B-4EE8-94D4-C0597E982455}.Release|Any CPU.Build.0 = Release|Any CPU
		{F5F3B14F-C9D4-438F-97AF-3B278ECBEDB0}.Debug|Any CPU.ActiveCfg = Debug|Any CPU
		{F5F3B14F-C9D4-438F-97AF-3B278ECBEDB0}.Debug|Any CPU.Build.0 = Debug|Any CPU
		{F5F3B14F-C9D4-438F-97AF-3B278ECBEDB0}.Release|Any CPU.ActiveCfg = Release|Any CPU
		{F5F3B14F-C9D4-438F-97AF-3B278ECBEDB0}.Release|Any CPU.Build.0 = Release|Any CPU
		{74472D92-5850-4E06-89AD-6175C262B6C5}.Debug|Any CPU.ActiveCfg = Debug|Any CPU
		{74472D92-5850-4E06-89AD-6175C262B6C5}.Debug|Any CPU.Build.0 = Debug|Any CPU
		{74472D92-5850-4E06-89AD-6175C262B6C5}.Release|Any CPU.ActiveCfg = Release|Any CPU
		{74472D92-5850-4E06-89AD-6175C262B6C5}.Release|Any CPU.Build.0 = Release|Any CPU
		{195300D3-F84A-474B-BC5A-5DEB9FB08FF1}.Debug|Any CPU.ActiveCfg = Debug|Any CPU
		{195300D3-F84A-474B-BC5A-5DEB9FB08FF1}.Debug|Any CPU.Build.0 = Debug|Any CPU
		{195300D3-F84A-474B-BC5A-5DEB9FB08FF1}.Release|Any CPU.ActiveCfg = Release|Any CPU
		{195300D3-F84A-474B-BC5A-5DEB9FB08FF1}.Release|Any CPU.Build.0 = Release|Any CPU
		{D8172556-80B4-48D4-ABE8-D45D9DC52B45}.Debug|Any CPU.ActiveCfg = Debug|Any CPU
		{D8172556-80B4-48D4-ABE8-D45D9DC52B45}.Debug|Any CPU.Build.0 = Debug|Any CPU
		{D8172556-80B4-48D4-ABE8-D45D9DC52B45}.Release|Any CPU.ActiveCfg = Release|Any CPU
		{D8172556-80B4-48D4-ABE8-D45D9DC52B45}.Release|Any CPU.Build.0 = Release|Any CPU
		{79792B23-27B4-44FC-A7DC-A36AB96F2A6B}.Debug|Any CPU.ActiveCfg = Debug|Any CPU
		{79792B23-27B4-44FC-A7DC-A36AB96F2A6B}.Debug|Any CPU.Build.0 = Debug|Any CPU
		{79792B23-27B4-44FC-A7DC-A36AB96F2A6B}.Release|Any CPU.ActiveCfg = Release|Any CPU
		{79792B23-27B4-44FC-A7DC-A36AB96F2A6B}.Release|Any CPU.Build.0 = Release|Any CPU
		{7461347E-B587-4726-8F3F-F4920A63F158}.Debug|Any CPU.ActiveCfg = Debug|Any CPU
		{7461347E-B587-4726-8F3F-F4920A63F158}.Debug|Any CPU.Build.0 = Debug|Any CPU
		{7461347E-B587-4726-8F3F-F4920A63F158}.Release|Any CPU.ActiveCfg = Release|Any CPU
		{7461347E-B587-4726-8F3F-F4920A63F158}.Release|Any CPU.Build.0 = Release|Any CPU
	EndGlobalSection
	GlobalSection(SolutionProperties) = preSolution
		HideSolutionNode = FALSE
	EndGlobalSection
	GlobalSection(NestedProjects) = preSolution
		{FA61F62C-0D9D-4AFC-8B5A-9050FB886CF8} = {17DB8298-5552-4319-A9C5-BA6AD7D42B14}
		{8A036785-9EBA-4AD1-B1CE-244D560A6D44} = {17DB8298-5552-4319-A9C5-BA6AD7D42B14}
		{F5F3B14F-C9D4-438F-97AF-3B278ECBEDB0} = {A2D23C02-0B88-4529-9827-ECAD65C31B07}
		{195300D3-F84A-474B-BC5A-5DEB9FB08FF1} = {E4133659-D9E9-4A5E-8C60-C84A2F00E463}
	EndGlobalSection
EndGlobal
